
Microsoft Visual Studio Solution File, Format Version 12.00
# Visual Studio Version 17
VisualStudioVersion = 17.8.34322.80
MinimumVisualStudioVersion = 10.0.40219.1
Project("{FAE04EC0-301F-11D3-BF4B-00C04F79EFBC}") = "HideTaskbar", "HideTaskbar\HideTaskbar.csproj", "{328D86B0-F804-4057-8605-A5B18D4D65E4}"
EndProject
Global
	GlobalSection(SolutionConfigurationPlatforms) = preSolution
		Debug|Any CPU = Debug|Any CPU
		Release|Any CPU = Release|Any CPU
	EndGlobalSection
	GlobalSection(ProjectConfigurationPlatforms) = postSolution
		{328D86B0-F804-4057-8605-A5B18D4D65E4}.Debug|Any CPU.ActiveCfg = Debug|Any CPU
		{328D86B0-F804-4057-8605-A5B18D4D65E4}.Debug|Any CPU.Build.0 = Debug|Any CPU
		{328D86B0-F804-4057-8605-A5B18D4D65E4}.Release|Any CPU.ActiveCfg = Release|Any CPU
		{328D86B0-F804-4057-8605-A5B18D4D65E4}.Release|Any CPU.Build.0 = Release|Any CPU
	EndGlobalSection
	GlobalSection(SolutionProperties) = preSolution
		HideSolutionNode = FALSE
	EndGlobalSection
	GlobalSection(ExtensibilityGlobals) = postSolution
		SolutionGuid = {F2081EF7-D95E-4529-8E19-9BBCA473647D}
	EndGlobalSection
EndGlobal
